{
  "version": 1,
  "dependencies": {
    "net10.0": {
      "MacroDeck.Plugin.Testing": {
        "type": "Direct",
        "requested": "[3.0.0-beta.15, )",
        "resolved": "3.0.0-beta.15",
        "contentHash": "Q3CvG6In1PPfacXU5tnuYFSFcZv8qPwPqGPDLVkZeniOW0dVjx1xaWBUeC2fwUkMxAz1OduiLZpdV+4h3riPqQ==",
        "dependencies": {
          "JsonSchema.Net": "9.4.0",
          "MacroDeck.Plugin.Hosting": "3.0.0-beta.15",
          "MacroDeck.Plugin.Packaging": "3.0.0-beta.15",
          "Serilog": "4.4.0"
        }
      },
      "Microsoft.NET.Test.Sdk": {
        "type": "Direct",
        "requested": "[17.14.0, )",
        "resolved": "17.14.0",
        "contentHash": "rTtdOm6C96q9QgP3mS8nUGPGPh5Xm2HnBYJggNmNrJ3LDmX9lJuUIgnJEfvX6wSQY4swUMiCcIXd3OkjhYCgtw==",
        "dependencies": {
          "Microsoft.CodeCoverage": "17.14.0",
          "Microsoft.TestPlatform.TestHost": "17.14.0"
        }
      },
      "NUnit": {
        "type": "Direct",
        "requested": "[4.3.2, )",
        "resolved": "4.3.2",
        "contentHash": "puVXayXNmEu7MFQSUswGmUjOy3M3baprMbkLl5PAutpeDoGTr+jPv33qAYsqxywi2wJCq8l/O3EhHoLulPE1iQ=="
      },
      "NUnit3TestAdapter": {
        "type": "Direct",
        "requested": "[5.0.0, )",
        "resolved": "5.0.0",
        "contentHash": "sy4cLoUAdE6TDM4wNX5gmNCyhMev5wUz4cA6ZRf/aON9vf9t4xTVGLj/4huhDKcS4dFfmVVcgcP70yC7WC9kKg==",
        "dependencies": {
          "Microsoft.Testing.Extensions.VSTestBridge": "1.5.3",
          "Microsoft.Testing.Platform.MSBuild": "1.5.3"
        }
      },
      "Humanizer.Core": {
        "type": "Transitive",
        "resolved": "3.0.10",
        "contentHash": "yZIhtw8sYuvsONzQbZxWpR60tMWYHXoo0DL6nyOqSFiU5POjBTSEyWFpTQtJEZuy+oqiYTXKXY/Mjx7KnqIQFw=="
      },
      "Json.More.Net": {
        "type": "Transitive",
        "resolved": "3.0.1",
        "contentHash": "fRctF2J2SILYG6wqP21drmeEODmCVkVQ/b3MndDu2fT1swfySyUgq7ePCk+aENGlDcIm05fyfjh9vcuqDEfv3w=="
      },
      "JsonPointer.Net": {
        "type": "Transitive",
        "resolved": "7.0.2",
        "contentHash": "oClYHv2ooeRrtPZyC9sb/Za/ie5pGhjTbNHlAyFg4XOCyU+606FdoZKS7UdaWvtsPlrF+U2w0Ja3TRvn5+spyA==",
        "dependencies": {
          "Humanizer.Core": "3.0.10",
          "Json.More.Net": "3.0.1"
        }
      },
      "JsonSchema.Net": {
        "type": "Transitive",
        "resolved": "9.4.0",
        "contentHash": "muE4nPuzbD9x5XA1mkXJNqX4mhz47oF3EY8qFLY1pyUY7lhXFKq65t/dSKIHeNSLBV17zwZuq24MD1em90rMNg==",
        "dependencies": {
          "JsonPointer.Net": "7.0.2"
        }
      },
      "MacroDeck.Localization": {
        "type": "Transitive",
        "resolved": "3.0.0-beta.15",
        "contentHash": "0ZPozqP1qqOR3YvCcf9iJHwpPbvpF91f4zrPQsJwdcL9lAm5pnblc5qf+EnfBtlCNV1UZ8rKudA/HvmEdMv1zg=="
      },
      "MacroDeck.Plugin.Hosting": {
        "type": "Transitive",
        "resolved": "3.0.0-beta.15",
        "contentHash": "+WHLK9yplr+H3vKlJJXvOt39lyud4AE7IVdvIrtedYdZcqDpT4HS/+3WyaL4k7vfIAo6dirTkU2PYijxOGSlDQ==",
        "dependencies": {
          "MacroDeck.Localization": "3.0.0-beta.15",
          "MacroDeck.Plugin.Protocol": "3.0.0-beta.15",
          "MacroDeck.Sdk": "3.0.0-beta.15",
          "MacroDeck.Ui": "3.0.0-beta.15",
          "Serilog": "4.4.0"
        }
      },
      "MacroDeck.Plugin.Packaging": {
        "type": "Transitive",
        "resolved": "3.0.0-beta.15",
        "contentHash": "noR7EbYuA9pHO31tD2695JW9r6/DwVegDOVSS3hW0qmDlyXMLNU7pbgN1vgmhO1vrvlurH3rUhtUoB85UkuiZw==",
        "dependencies": {
          "MacroDeck.Plugin.Protocol": "3.0.0-beta.15",
          "Microsoft.Extensions.DependencyInjection.Abstractions": "10.0.12",
          "Serilog": "4.4.0"
        }
      },
      "MacroDeck.Plugin.Protocol": {
        "type": "Transitive",
        "resolved": "3.0.0-beta.15",
        "contentHash": "mBjJMuHQtlkgqFjgopw7IZuLrt8ziFa6UPEFWzXkpjFhWJ+BjQorid/HyY0QBkBl4Mdr5/UfbIPhL6C/xgEyFQ==",
        "dependencies": {
          "MacroDeck.Sdk": "3.0.0-beta.15",
          "Serilog": "4.4.0"
        }
      },
      "MacroDeck.Plugin.Serilog": {
        "type": "Transitive",
        "resolved": "3.0.0-beta.15",
        "contentHash": "SqWReup/Zd+GuSu+XGOMWmr2mNpVkxqnbfAEAEqWcBq6Zi0WXkCMoW/4pvW/DhZMQlhTb9IYe8GMxm4qvOx/ag==",
        "dependencies": {
          "MacroDeck.Plugin.Hosting": "3.0.0-beta.15",
          "MacroDeck.Plugin.Protocol": "3.0.0-beta.15",
          "Serilog": "4.4.0",
          "Serilog.Extensions.Hosting": "10.0.0"
        }
      },
      "MacroDeck.Sdk": {
        "type": "Transitive",
        "resolved": "3.0.0-beta.15",
        "contentHash": "Zh93bXdet1DnIsFNXwokgkE0v/qLkU78JWkPT5xlWQEhq98uEL/uvZLpLAW+hfX3uJZ6FqKot/wrUV0xQ2j5Zg==",
        "dependencies": {
          "MacroDeck.Localization": "3.0.0-beta.15",
          "MacroDeck.Ui.Model": "3.0.0-beta.15",
          "Serilog": "4.4.0"
        }
      },
      "MacroDeck.Ui": {
        "type": "Transitive",
        "resolved": "3.0.0-beta.15",
        "contentHash": "BX8eTB6Rz6DJprYTx2aVRrp4Q7gOJPIjJZ2JhjtsJjWs7t32YGVTESLgm3QSQ7cSRea8NCKmYf30YpNIAu07Pw==",
        "dependencies": {
          "MacroDeck.Localization": "3.0.0-beta.15",
          "MacroDeck.Ui.Model": "3.0.0-beta.15"
        }
      },
      "MacroDeck.Ui.Model": {
        "type": "Transitive",
        "resolved": "3.0.0-beta.15",
        "contentHash": "NtcP67+o0qrBSOw/N3ff0o04iFvlRMv25TRCGD7W0dFr+tkQu3uw2cWH+NOW+dXesWuW3InkAWxF0wdXuL71GA=="
      },
      "Microsoft.ApplicationInsights": {
        "type": "Transitive",
        "resolved": "2.22.0",
        "contentHash": "3AOM9bZtku7RQwHyMEY3tQMrHIgjcfRDa6YQpd/QG2LDGvMydSlL9Di+8LLMt7J2RDdfJ7/2jdYv6yHcMJAnNw=="
      },
      "Microsoft.CodeCoverage": {
        "type": "Transitive",
        "resolved": "17.14.0",
        "contentHash": "z2GYXGG6LjGoumT59xSB2dMnqSwQBjkxdDJmSJHwy5nPtZ435GXa6wj5hz/lRrAZ7NyXXxZNXVsiHXzHRru5eA=="
      },
      "Microsoft.Extensions.Configuration.Abstractions": {
        "type": "Transitive",
        "resolved": "10.0.0",
        "contentHash": "d2kDKnCsJvY7mBVhcjPSp9BkJk48DsaHPg5u+Oy4f8XaOqnEedRy/USyvnpHL92wpJ6DrTPy7htppUUzskbCXQ==",
        "dependencies": {
          "Microsoft.Extensions.Primitives": "10.0.0"
        }
      },
      "Microsoft.Extensions.DependencyInjection": {
        "type": "Transitive",
        "resolved": "10.0.0",
        "contentHash": "f0RBabswJq+gRu5a+hWIobrLWiUYPKMhCD9WO3sYBAdSy3FFH14LMvLVFZc2kPSCimBLxSuitUhsd6tb0TAY6A==",
        "dependencies": {
          "Microsoft.Extensions.DependencyInjection.Abstractions": "10.0.0"
        }
      },
      "Microsoft.Extensions.DependencyInjection.Abstractions": {
        "type": "Transitive",
        "resolved": "10.0.12",
        "contentHash": "9/qymSh7hVDMGTGwrLz8MRp5zRyXy9adGDOs4HwRdnLil3oZGYuWeZjbmHgCQ9BL1qBroVfgUK3U/nb61617Cw=="
      },
      "Microsoft.Extensions.Diagnostics.Abstractions": {
        "type": "Transitive",
        "resolved": "10.0.0",
        "contentHash": "SfK89ytD61S7DgzorFljSkUeluC1ncn6dtZgwc0ot39f/BEYWBl5jpgvodxduoYAs1d9HG8faCDRZxE95UMo2A==",
        "dependencies": {
          "Microsoft.Extensions.DependencyInjection.Abstractions": "10.0.0",
          "Microsoft.Extensions.Options": "10.0.0"
        }
      },
      "Microsoft.Extensions.FileProviders.Abstractions": {
        "type": "Transitive",
        "resolved": "10.0.0",
        "contentHash": "/ppSdehKk3fuXjlqCDgSOtjRK/pSHU8eWgzSHfHdwVm5BP4Dgejehkw+PtxKG2j98qTDEHDst2Y99aNsmJldmw==",
        "dependencies": {
          "Microsoft.Extensions.Primitives": "10.0.0"
        }
      },
      "Microsoft.Extensions.Hosting.Abstractions": {
        "type": "Transitive",
        "resolved": "10.0.0",
        "contentHash": "KrN6TGFwCwqOkLLk/idW/XtDQh+8In+CL9T4M1Dx+5ScsjTq4TlVbal8q532m82UYrMr6RiQJF2HvYCN0QwVsA==",
        "dependencies": {
          "Microsoft.Extensions.Configuration.Abstractions": "10.0.0",
          "Microsoft.Extensions.DependencyInjection.Abstractions": "10.0.0",
          "Microsoft.Extensions.Diagnostics.Abstractions": "10.0.0",
          "Microsoft.Extensions.FileProviders.Abstractions": "10.0.0",
          "Microsoft.Extensions.Logging.Abstractions": "10.0.0"
        }
      },
      "Microsoft.Extensions.Logging": {
        "type": "Transitive",
        "resolved": "10.0.0",
        "contentHash": "BStFkd5CcnEtarlcgYDBcFzGYCuuNMzPs02wN3WBsOFoYIEmYoUdAiU+au6opzoqfTYJsMTW00AeqDdnXH2CvA==",
        "dependencies": {
          "Microsoft.Extensions.DependencyInjection": "10.0.0",
          "Microsoft.Extensions.Logging.Abstractions": "10.0.0",
          "Microsoft.Extensions.Options": "10.0.0"
        }
      },
      "Microsoft.Extensions.Logging.Abstractions": {
        "type": "Transitive",
        "resolved": "10.0.0",
        "contentHash": "FU/IfjDfwaMuKr414SSQNTIti/69bHEMb+QKrskRb26oVqpx3lNFXMjs/RC9ZUuhBhcwDM2BwOgoMw+PZ+beqQ==",
        "dependencies": {
          "Microsoft.Extensions.DependencyInjection.Abstractions": "10.0.0"
        }
      },
      "Microsoft.Extensions.Options": {
        "type": "Transitive",
        "resolved": "10.0.0",
        "contentHash": "8oCAgXOow5XDrY9HaXX1QmH3ORsyZO/ANVHBlhLyCeWTH5Sg4UuqZeOTWJi6484M+LqSx0RqQXDJtdYy2BNiLQ==",
        "dependencies": {
          "Microsoft.Extensions.DependencyInjection.Abstractions": "10.0.0",
          "Microsoft.Extensions.Primitives": "10.0.0"
        }
      },
      "Microsoft.Extensions.Primitives": {
        "type": "Transitive",
        "resolved": "10.0.0",
        "contentHash": "inRnbpCS0nwO/RuoZIAqxQUuyjaknOOnCEZB55KSMMjRhl0RQDttSmLSGsUJN3RQ3ocf5NDLFd2mOQViHqMK5w=="
      },
      "Microsoft.Testing.Extensions.Telemetry": {
        "type": "Transitive",
        "resolved": "1.5.3",
        "contentHash": "U9pGd5DQuX1PfkrdFI+xH34JGgQ2nes5QAwIITTk+MQfLvRITqsZjJeHTjpGWh33D/0q1l7aA8/LQHR7UuCgLQ==",
        "dependencies": {
          "Microsoft.ApplicationInsights": "2.22.0",
          "Microsoft.Testing.Platform": "1.5.3"
        }
      },
      "Microsoft.Testing.Extensions.TrxReport.Abstractions": {
        "type": "Transitive",
        "resolved": "1.5.3",
        "contentHash": "h34zKNpGyni66VH738mRHeXSnf3klSShUdavUWNhSfWICUUi5aXeI0LBvoX/ad93N0+9xBDU3Fyi6WfxrwKQGw==",
        "dependencies": {
          "Microsoft.Testing.Platform": "1.5.3"
        }
      },
      "Microsoft.Testing.Extensions.VSTestBridge": {
        "type": "Transitive",
        "resolved": "1.5.3",
        "contentHash": "cJD67YfDT98wEWyazKVD/yPVW6+H1usXeuselCnRes7JZBTIYWtrCchcOzOahnmajT79eDKqt9sta7DXwTDU4Q==",
        "dependencies": {
          "Microsoft.ApplicationInsights": "2.22.0",
          "Microsoft.TestPlatform.ObjectModel": "17.12.0",
          "Microsoft.Testing.Extensions.Telemetry": "1.5.3",
          "Microsoft.Testing.Extensions.TrxReport.Abstractions": "1.5.3",
          "Microsoft.Testing.Platform": "1.5.3"
        }
      },
      "Microsoft.Testing.Platform": {
        "type": "Transitive",
        "resolved": "1.5.3",
        "contentHash": "WqJydnJ99dEKtquR9HwINz104ehWJKTXbQQrydGatlLRw14bmsx0pa8+E6KUXMYXZAimN0swWlDmcJGjjW4TIg=="
      },
      "Microsoft.Testing.Platform.MSBuild": {
        "type": "Transitive",
        "resolved": "1.5.3",
        "contentHash": "bOtpRMSPeT5YLQo+NNY8EtdNTphAUcmALjW4ABU7P0rb6yR2XAZau3TzNieLmR3lRuwudguWzzBhgcLRXwZh0A==",
        "dependencies": {
          "Microsoft.Testing.Platform": "1.5.3"
        }
      },
      "Microsoft.TestPlatform.ObjectModel": {
        "type": "Transitive",
        "resolved": "17.14.0",
        "contentHash": "3h7y7f/HuY8jdZa163p/55VmGw/fYJwrI8FOtsp4aEQAJaPgBr5LBS25uOfBwRYI95QDiByfaqSPBcWEvuHEwA=="
      },
      "Microsoft.TestPlatform.TestHost": {
        "type": "Transitive",
        "resolved": "17.14.0",
        "contentHash": "8htQBKM92s/NXUI/U0/CKKLlvlDfWIo3/mbnY/GS/2XLkBGNIVQufmUpDIzznaZqUpdzspGSsJcLhVN8aRoMaA==",
        "dependencies": {
          "Microsoft.TestPlatform.ObjectModel": "17.14.0",
          "Newtonsoft.Json": "13.0.3"
        }
      },
      "Newtonsoft.Json": {
        "type": "Transitive",
        "resolved": "13.0.3",
        "contentHash": "HrC5BXdl00IP9zeV+0Z848QWPAoCr9P3bDEZguI+gkLcBKAOxix/tLEAAHC+UvDNPv4a2d18lOReHMOagPa+zQ=="
      },
      "Serilog": {
        "type": "Transitive",
        "resolved": "4.4.0",
        "contentHash": "ZC6Le3rr4TVJJjS4KsQAesxeF1EhW9qcZmmG7eP5Y2G3+gTGkJEUXkq4+tZNPtyp05I0wWOxnIjwtxFweJsObw=="
      },
      "Serilog.Extensions.Hosting": {
        "type": "Transitive",
        "resolved": "10.0.0",
        "contentHash": "E7juuIc+gzoGxgzFooFgAV8g9BfiSXNKsUok9NmEpyAXg2odkcPsMa/Yo4axkJRlh0se7mkYQ1GXDaBemR+b6w==",
        "dependencies": {
          "Microsoft.Extensions.DependencyInjection.Abstractions": "10.0.0",
          "Microsoft.Extensions.Hosting.Abstractions": "10.0.0",
          "Microsoft.Extensions.Logging.Abstractions": "10.0.0",
          "Serilog": "4.3.0",
          "Serilog.Extensions.Logging": "10.0.0"
        }
      },
      "Serilog.Extensions.Logging": {
        "type": "Transitive",
        "resolved": "10.0.0",
        "contentHash": "vx0kABKl2dWbBhhqAfTOk53/i8aV/5VaT3a6il9gn72Wqs2pM7EK2OB6No6xdqK2IaY6Zf9gdjLuK9BVa2rT+Q==",
        "dependencies": {
          "Microsoft.Extensions.Logging": "10.0.0",
          "Serilog": "4.2.0"
        }
      },
      "ziopuzzle.custombutton": {
        "type": "Project",
        "dependencies": {
          "MacroDeck.Plugin.Hosting": "[3.0.0-beta.15, )",
          "MacroDeck.Plugin.Serilog": "[3.0.0-beta.15, )",
          "MacroDeck.Ui": "[3.0.0-beta.15, )"
        }
      }
    }
  }
}