{
  "version": 1,
  "dependencies": {
    "net10.0": {
      "MacroDeck.Plugin.Analyzers": {
        "type": "Direct",
        "requested": "[3.0.0-beta.15, )",
        "resolved": "3.0.0-beta.15",
        "contentHash": "UgYMtpZRnFZP+bOWxd0RLYBeavAzOqFx1QKjGs57havPUhh/FUxGPqvo+5WhPDW3MLan+QR3K6ATY9vtflxe7A=="
      },
      "MacroDeck.Plugin.Hosting": {
        "type": "Direct",
        "requested": "[3.0.0-beta.15, )",
        "resolved": "3.0.0-beta.15",
        "contentHash": "+WHLK9yplr+H3vKlJJXvOt39lyud4AE7IVdvIrtedYdZcqDpT4HS/+3WyaL4k7vfIAo6dirTkU2PYijxOGSlDQ==",
        "dependencies": {
          "MacroDeck.Localization": "3.0.0-beta.15",
          "MacroDeck.Plugin.Protocol": "3.0.0-beta.15",
          "MacroDeck.Sdk": "3.0.0-beta.15",
          "MacroDeck.Ui": "3.0.0-beta.15",
          "Serilog": "4.4.0"
        }
      },
      "MacroDeck.Plugin.Serilog": {
        "type": "Direct",
        "requested": "[3.0.0-beta.15, )",
        "resolved": "3.0.0-beta.15",
        "contentHash": "SqWReup/Zd+GuSu+XGOMWmr2mNpVkxqnbfAEAEqWcBq6Zi0WXkCMoW/4pvW/DhZMQlhTb9IYe8GMxm4qvOx/ag==",
        "dependencies": {
          "MacroDeck.Plugin.Hosting": "3.0.0-beta.15",
          "MacroDeck.Plugin.Protocol": "3.0.0-beta.15",
          "Serilog": "4.4.0",
          "Serilog.Extensions.Hosting": "10.0.0"
        }
      },
      "MacroDeck.Ui": {
        "type": "Direct",
        "requested": "[3.0.0-beta.15, )",
        "resolved": "3.0.0-beta.15",
        "contentHash": "BX8eTB6Rz6DJprYTx2aVRrp4Q7gOJPIjJZ2JhjtsJjWs7t32YGVTESLgm3QSQ7cSRea8NCKmYf30YpNIAu07Pw==",
        "dependencies": {
          "MacroDeck.Localization": "3.0.0-beta.15",
          "MacroDeck.Ui.Model": "3.0.0-beta.15"
        }
      },
      "MacroDeck.Localization": {
        "type": "Transitive",
        "resolved": "3.0.0-beta.15",
        "contentHash": "0ZPozqP1qqOR3YvCcf9iJHwpPbvpF91f4zrPQsJwdcL9lAm5pnblc5qf+EnfBtlCNV1UZ8rKudA/HvmEdMv1zg=="
      },
      "MacroDeck.Plugin.Protocol": {
        "type": "Transitive",
        "resolved": "3.0.0-beta.15",
        "contentHash": "mBjJMuHQtlkgqFjgopw7IZuLrt8ziFa6UPEFWzXkpjFhWJ+BjQorid/HyY0QBkBl4Mdr5/UfbIPhL6C/xgEyFQ==",
        "dependencies": {
          "MacroDeck.Sdk": "3.0.0-beta.15",
          "Serilog": "4.4.0"
        }
      },
      "MacroDeck.Sdk": {
        "type": "Transitive",
        "resolved": "3.0.0-beta.15",
        "contentHash": "Zh93bXdet1DnIsFNXwokgkE0v/qLkU78JWkPT5xlWQEhq98uEL/uvZLpLAW+hfX3uJZ6FqKot/wrUV0xQ2j5Zg==",
        "dependencies": {
          "MacroDeck.Localization": "3.0.0-beta.15",
          "MacroDeck.Ui.Model": "3.0.0-beta.15",
          "Serilog": "4.4.0"
        }
      },
      "MacroDeck.Ui.Model": {
        "type": "Transitive",
        "resolved": "3.0.0-beta.15",
        "contentHash": "NtcP67+o0qrBSOw/N3ff0o04iFvlRMv25TRCGD7W0dFr+tkQu3uw2cWH+NOW+dXesWuW3InkAWxF0wdXuL71GA=="
      },
      "Serilog": {
        "type": "Transitive",
        "resolved": "4.4.0",
        "contentHash": "ZC6Le3rr4TVJJjS4KsQAesxeF1EhW9qcZmmG7eP5Y2G3+gTGkJEUXkq4+tZNPtyp05I0wWOxnIjwtxFweJsObw=="
      },
      "Serilog.Extensions.Hosting": {
        "type": "Transitive",
        "resolved": "10.0.0",
        "contentHash": "E7juuIc+gzoGxgzFooFgAV8g9BfiSXNKsUok9NmEpyAXg2odkcPsMa/Yo4axkJRlh0se7mkYQ1GXDaBemR+b6w==",
        "dependencies": {
          "Serilog": "4.3.0",
          "Serilog.Extensions.Logging": "10.0.0"
        }
      },
      "Serilog.Extensions.Logging": {
        "type": "Transitive",
        "resolved": "10.0.0",
        "contentHash": "vx0kABKl2dWbBhhqAfTOk53/i8aV/5VaT3a6il9gn72Wqs2pM7EK2OB6No6xdqK2IaY6Zf9gdjLuK9BVa2rT+Q==",
        "dependencies": {
          "Serilog": "4.2.0"
        }
      }
    },
    "net10.0/linux-arm64": {},
    "net10.0/linux-x64": {},
    "net10.0/osx-arm64": {},
    "net10.0/osx-x64": {},
    "net10.0/win-x64": {}
  }
}