{
  "version": 1,
  "dependencies": {
    "net10.0": {
      "HarfBuzzSharp": {
        "type": "Direct",
        "requested": "[8.3.1.1, )",
        "resolved": "8.3.1.1",
        "contentHash": "tLZN66oe/uiRPTZfrCU4i8ScVGwqHNh5MHrXj0yVf4l7Mz0FhTGnQ71RGySROTmdognAs0JtluHkL41pIabWuQ==",
        "dependencies": {
          "HarfBuzzSharp.NativeAssets.Win32": "8.3.1.1",
          "HarfBuzzSharp.NativeAssets.macOS": "8.3.1.1"
        }
      },
      "HarfBuzzSharp.NativeAssets.Linux": {
        "type": "Direct",
        "requested": "[8.3.1.1, )",
        "resolved": "8.3.1.1",
        "contentHash": "3EZ1mpIiKWRLL5hUYA82ZHteeDIVaEA/Z0rA/wU6tjx6crcAkJnBPwDXZugBSfo8+J3EznvRJf49uMsqYfKrHg=="
      },
      "MacroDeck.Plugin.Analyzers": {
        "type": "Direct",
        "requested": "[3.0.0-beta.15, )",
        "resolved": "3.0.0-beta.15",
        "contentHash": "UgYMtpZRnFZP+bOWxd0RLYBeavAzOqFx1QKjGs57havPUhh/FUxGPqvo+5WhPDW3MLan+QR3K6ATY9vtflxe7A=="
      },
      "MacroDeck.Plugin.Hosting": {
        "type": "Direct",
        "requested": "[3.0.0-beta.15, )",
        "resolved": "3.0.0-beta.15",
        "contentHash": "+WHLK9yplr+H3vKlJJXvOt39lyud4AE7IVdvIrtedYdZcqDpT4HS/+3WyaL4k7vfIAo6dirTkU2PYijxOGSlDQ==",
        "dependencies": {
          "MacroDeck.Localization": "3.0.0-beta.15",
          "MacroDeck.Plugin.Protocol": "3.0.0-beta.15",
          "MacroDeck.Sdk": "3.0.0-beta.15",
          "MacroDeck.Ui": "3.0.0-beta.15",
          "Serilog": "4.4.0"
        }
      },
      "MacroDeck.Plugin.Serilog": {
        "type": "Direct",
        "requested": "[3.0.0-beta.15, )",
        "resolved": "3.0.0-beta.15",
        "contentHash": "SqWReup/Zd+GuSu+XGOMWmr2mNpVkxqnbfAEAEqWcBq6Zi0WXkCMoW/4pvW/DhZMQlhTb9IYe8GMxm4qvOx/ag==",
        "dependencies": {
          "MacroDeck.Plugin.Hosting": "3.0.0-beta.15",
          "MacroDeck.Plugin.Protocol": "3.0.0-beta.15",
          "Serilog": "4.4.0",
          "Serilog.Extensions.Hosting": "10.0.0"
        }
      },
      "MacroDeck.Ui": {
        "type": "Direct",
        "requested": "[3.0.0-beta.15, )",
        "resolved": "3.0.0-beta.15",
        "contentHash": "BX8eTB6Rz6DJprYTx2aVRrp4Q7gOJPIjJZ2JhjtsJjWs7t32YGVTESLgm3QSQ7cSRea8NCKmYf30YpNIAu07Pw==",
        "dependencies": {
          "MacroDeck.Localization": "3.0.0-beta.15",
          "MacroDeck.Ui.Model": "3.0.0-beta.15"
        }
      },
      "SkiaSharp": {
        "type": "Direct",
        "requested": "[2.88.9, )",
        "resolved": "2.88.9",
        "contentHash": "3MD5VHjXXieSHCleRLuaTXmL2pD0mB7CcOB1x2kA1I4bhptf4e3R27iM93264ZYuAq6mkUyX5XbcxnZvMJYc1Q==",
        "dependencies": {
          "SkiaSharp.NativeAssets.Win32": "2.88.9",
          "SkiaSharp.NativeAssets.macOS": "2.88.9"
        }
      },
      "SkiaSharp.HarfBuzz": {
        "type": "Direct",
        "requested": "[2.88.9, )",
        "resolved": "2.88.9",
        "contentHash": "5lyjX04CSWTKFYMSNN6SMupV2qzYDr8W/u8S3ZEkr+Sg3kOi0YE06EOqG0tzn/YPBID89xam4L3rz3hUUKOGEQ==",
        "dependencies": {
          "HarfBuzzSharp": "7.3.0.3",
          "SkiaSharp": "2.88.9"
        }
      },
      "SkiaSharp.NativeAssets.Linux": {
        "type": "Direct",
        "requested": "[2.88.9, )",
        "resolved": "2.88.9",
        "contentHash": "cWSaJKVPWAaT/WIn9c8T5uT/l4ETwHxNJTkEOtNKjphNo8AW6TF9O32aRkxqw3l8GUdUo66Bu7EiqtFh/XG0Zg==",
        "dependencies": {
          "SkiaSharp": "2.88.9"
        }
      },
      "Svg.Skia": {
        "type": "Direct",
        "requested": "[2.0.0, )",
        "resolved": "2.0.0",
        "contentHash": "zNYVxfpBmeW2BkzmgEl7gL8hhr//Bwub3dJs+uGjsUIO15bVl9DvHq3wx+G70NPjpgUg+t5zfseliMKGFy3YNw==",
        "dependencies": {
          "SkiaSharp": "2.88.8",
          "SkiaSharp.HarfBuzz": "2.88.8",
          "Svg.Custom": "2.0.0",
          "Svg.Model": "2.0.0"
        }
      },
      "ExCSS": {
        "type": "Transitive",
        "resolved": "4.2.3",
        "contentHash": "SyeAfu2wL5247sipJoPUzQfjiwQtfSd8hN4IbgoyVcDx4PP6Dud4znwPRibWQzLtTlUxYYcbf5f4p+EfFC7KtQ=="
      },
      "HarfBuzzSharp.NativeAssets.macOS": {
        "type": "Transitive",
        "resolved": "8.3.1.1",
        "contentHash": "jbtCsgftcaFLCA13tVKo5iWdElJScrulLTKJre36O4YQTIlwDtPPqhRZNk+Y0vv4D1gxbscasGRucUDfS44ofQ=="
      },
      "HarfBuzzSharp.NativeAssets.Win32": {
        "type": "Transitive",
        "resolved": "8.3.1.1",
        "contentHash": "UsJtQsfAJoFDZrXc4hCUfRPMqccfKZ0iumJ/upcUjz/cmsTgVFGNEL5yaJWmkqsuFYdMWbj/En5/kS4PFl9hBA=="
      },
      "MacroDeck.Localization": {
        "type": "Transitive",
        "resolved": "3.0.0-beta.15",
        "contentHash": "0ZPozqP1qqOR3YvCcf9iJHwpPbvpF91f4zrPQsJwdcL9lAm5pnblc5qf+EnfBtlCNV1UZ8rKudA/HvmEdMv1zg=="
      },
      "MacroDeck.Plugin.Protocol": {
        "type": "Transitive",
        "resolved": "3.0.0-beta.15",
        "contentHash": "mBjJMuHQtlkgqFjgopw7IZuLrt8ziFa6UPEFWzXkpjFhWJ+BjQorid/HyY0QBkBl4Mdr5/UfbIPhL6C/xgEyFQ==",
        "dependencies": {
          "MacroDeck.Sdk": "3.0.0-beta.15",
          "Serilog": "4.4.0"
        }
      },
      "MacroDeck.Sdk": {
        "type": "Transitive",
        "resolved": "3.0.0-beta.15",
        "contentHash": "Zh93bXdet1DnIsFNXwokgkE0v/qLkU78JWkPT5xlWQEhq98uEL/uvZLpLAW+hfX3uJZ6FqKot/wrUV0xQ2j5Zg==",
        "dependencies": {
          "MacroDeck.Localization": "3.0.0-beta.15",
          "MacroDeck.Ui.Model": "3.0.0-beta.15",
          "Serilog": "4.4.0"
        }
      },
      "MacroDeck.Ui.Model": {
        "type": "Transitive",
        "resolved": "3.0.0-beta.15",
        "contentHash": "NtcP67+o0qrBSOw/N3ff0o04iFvlRMv25TRCGD7W0dFr+tkQu3uw2cWH+NOW+dXesWuW3InkAWxF0wdXuL71GA=="
      },
      "Serilog": {
        "type": "Transitive",
        "resolved": "4.4.0",
        "contentHash": "ZC6Le3rr4TVJJjS4KsQAesxeF1EhW9qcZmmG7eP5Y2G3+gTGkJEUXkq4+tZNPtyp05I0wWOxnIjwtxFweJsObw=="
      },
      "Serilog.Extensions.Hosting": {
        "type": "Transitive",
        "resolved": "10.0.0",
        "contentHash": "E7juuIc+gzoGxgzFooFgAV8g9BfiSXNKsUok9NmEpyAXg2odkcPsMa/Yo4axkJRlh0se7mkYQ1GXDaBemR+b6w==",
        "dependencies": {
          "Serilog": "4.3.0",
          "Serilog.Extensions.Logging": "10.0.0"
        }
      },
      "Serilog.Extensions.Logging": {
        "type": "Transitive",
        "resolved": "10.0.0",
        "contentHash": "vx0kABKl2dWbBhhqAfTOk53/i8aV/5VaT3a6il9gn72Wqs2pM7EK2OB6No6xdqK2IaY6Zf9gdjLuK9BVa2rT+Q==",
        "dependencies": {
          "Serilog": "4.2.0"
        }
      },
      "ShimSkiaSharp": {
        "type": "Transitive",
        "resolved": "2.0.0",
        "contentHash": "J+nzTe97Q19rzbCbTA8r6l1T89JP+XjMhaAOEHoE9FG7RiI/OkCuBY5JPlzNZoUYFXG3fBwlTMetPMkSCV8Kmw=="
      },
      "SkiaSharp.NativeAssets.macOS": {
        "type": "Transitive",
        "resolved": "2.88.9",
        "contentHash": "Nv5spmKc4505Ep7oUoJ5vp3KweFpeNqxpyGDWyeEPTX2uR6S6syXIm3gj75dM0YJz7NPvcix48mR5laqs8dPuA=="
      },
      "SkiaSharp.NativeAssets.Win32": {
        "type": "Transitive",
        "resolved": "2.88.9",
        "contentHash": "wb2kYgU7iy84nQLYZwMeJXixvK++GoIuECjU4ECaUKNuflyRlJKyiRhN1MAHswvlvzuvkrjRWlK0Za6+kYQK7w=="
      },
      "Svg.Custom": {
        "type": "Transitive",
        "resolved": "2.0.0",
        "contentHash": "YqPAdGu00Aru+VvO4BIKOSVWK+z8vciBhBtG6RSWL+wuIhhIM6OU9fw7bN1vti/oTWwfvaUmh0EKWxHKzzaotA==",
        "dependencies": {
          "ExCSS": "4.2.3"
        }
      },
      "Svg.Model": {
        "type": "Transitive",
        "resolved": "2.0.0",
        "contentHash": "YwdGhay2Wh2sc0WcoYlgiliajsf3utZMEXbm1Wu9LLpLk2rRVSA187p+xGs8pn2GYwLrjfBLWBevXTB4kxrzDg==",
        "dependencies": {
          "ShimSkiaSharp": "2.0.0",
          "Svg.Custom": "2.0.0"
        }
      }
    },
    "net10.0/linux-arm64": {
      "HarfBuzzSharp.NativeAssets.Linux": {
        "type": "Direct",
        "requested": "[8.3.1.1, )",
        "resolved": "8.3.1.1",
        "contentHash": "3EZ1mpIiKWRLL5hUYA82ZHteeDIVaEA/Z0rA/wU6tjx6crcAkJnBPwDXZugBSfo8+J3EznvRJf49uMsqYfKrHg=="
      },
      "SkiaSharp.NativeAssets.Linux": {
        "type": "Direct",
        "requested": "[2.88.9, )",
        "resolved": "2.88.9",
        "contentHash": "cWSaJKVPWAaT/WIn9c8T5uT/l4ETwHxNJTkEOtNKjphNo8AW6TF9O32aRkxqw3l8GUdUo66Bu7EiqtFh/XG0Zg==",
        "dependencies": {
          "SkiaSharp": "2.88.9"
        }
      },
      "HarfBuzzSharp.NativeAssets.macOS": {
        "type": "Transitive",
        "resolved": "8.3.1.1",
        "contentHash": "jbtCsgftcaFLCA13tVKo5iWdElJScrulLTKJre36O4YQTIlwDtPPqhRZNk+Y0vv4D1gxbscasGRucUDfS44ofQ=="
      },
      "HarfBuzzSharp.NativeAssets.Win32": {
        "type": "Transitive",
        "resolved": "8.3.1.1",
        "contentHash": "UsJtQsfAJoFDZrXc4hCUfRPMqccfKZ0iumJ/upcUjz/cmsTgVFGNEL5yaJWmkqsuFYdMWbj/En5/kS4PFl9hBA=="
      },
      "SkiaSharp.NativeAssets.macOS": {
        "type": "Transitive",
        "resolved": "2.88.9",
        "contentHash": "Nv5spmKc4505Ep7oUoJ5vp3KweFpeNqxpyGDWyeEPTX2uR6S6syXIm3gj75dM0YJz7NPvcix48mR5laqs8dPuA=="
      },
      "SkiaSharp.NativeAssets.Win32": {
        "type": "Transitive",
        "resolved": "2.88.9",
        "contentHash": "wb2kYgU7iy84nQLYZwMeJXixvK++GoIuECjU4ECaUKNuflyRlJKyiRhN1MAHswvlvzuvkrjRWlK0Za6+kYQK7w=="
      }
    },
    "net10.0/linux-x64": {
      "HarfBuzzSharp.NativeAssets.Linux": {
        "type": "Direct",
        "requested": "[8.3.1.1, )",
        "resolved": "8.3.1.1",
        "contentHash": "3EZ1mpIiKWRLL5hUYA82ZHteeDIVaEA/Z0rA/wU6tjx6crcAkJnBPwDXZugBSfo8+J3EznvRJf49uMsqYfKrHg=="
      },
      "SkiaSharp.NativeAssets.Linux": {
        "type": "Direct",
        "requested": "[2.88.9, )",
        "resolved": "2.88.9",
        "contentHash": "cWSaJKVPWAaT/WIn9c8T5uT/l4ETwHxNJTkEOtNKjphNo8AW6TF9O32aRkxqw3l8GUdUo66Bu7EiqtFh/XG0Zg==",
        "dependencies": {
          "SkiaSharp": "2.88.9"
        }
      },
      "HarfBuzzSharp.NativeAssets.macOS": {
        "type": "Transitive",
        "resolved": "8.3.1.1",
        "contentHash": "jbtCsgftcaFLCA13tVKo5iWdElJScrulLTKJre36O4YQTIlwDtPPqhRZNk+Y0vv4D1gxbscasGRucUDfS44ofQ=="
      },
      "HarfBuzzSharp.NativeAssets.Win32": {
        "type": "Transitive",
        "resolved": "8.3.1.1",
        "contentHash": "UsJtQsfAJoFDZrXc4hCUfRPMqccfKZ0iumJ/upcUjz/cmsTgVFGNEL5yaJWmkqsuFYdMWbj/En5/kS4PFl9hBA=="
      },
      "SkiaSharp.NativeAssets.macOS": {
        "type": "Transitive",
        "resolved": "2.88.9",
        "contentHash": "Nv5spmKc4505Ep7oUoJ5vp3KweFpeNqxpyGDWyeEPTX2uR6S6syXIm3gj75dM0YJz7NPvcix48mR5laqs8dPuA=="
      },
      "SkiaSharp.NativeAssets.Win32": {
        "type": "Transitive",
        "resolved": "2.88.9",
        "contentHash": "wb2kYgU7iy84nQLYZwMeJXixvK++GoIuECjU4ECaUKNuflyRlJKyiRhN1MAHswvlvzuvkrjRWlK0Za6+kYQK7w=="
      }
    },
    "net10.0/osx-arm64": {
      "HarfBuzzSharp.NativeAssets.Linux": {
        "type": "Direct",
        "requested": "[8.3.1.1, )",
        "resolved": "8.3.1.1",
        "contentHash": "3EZ1mpIiKWRLL5hUYA82ZHteeDIVaEA/Z0rA/wU6tjx6crcAkJnBPwDXZugBSfo8+J3EznvRJf49uMsqYfKrHg=="
      },
      "SkiaSharp.NativeAssets.Linux": {
        "type": "Direct",
        "requested": "[2.88.9, )",
        "resolved": "2.88.9",
        "contentHash": "cWSaJKVPWAaT/WIn9c8T5uT/l4ETwHxNJTkEOtNKjphNo8AW6TF9O32aRkxqw3l8GUdUo66Bu7EiqtFh/XG0Zg==",
        "dependencies": {
          "SkiaSharp": "2.88.9"
        }
      },
      "HarfBuzzSharp.NativeAssets.macOS": {
        "type": "Transitive",
        "resolved": "8.3.1.1",
        "contentHash": "jbtCsgftcaFLCA13tVKo5iWdElJScrulLTKJre36O4YQTIlwDtPPqhRZNk+Y0vv4D1gxbscasGRucUDfS44ofQ=="
      },
      "HarfBuzzSharp.NativeAssets.Win32": {
        "type": "Transitive",
        "resolved": "8.3.1.1",
        "contentHash": "UsJtQsfAJoFDZrXc4hCUfRPMqccfKZ0iumJ/upcUjz/cmsTgVFGNEL5yaJWmkqsuFYdMWbj/En5/kS4PFl9hBA=="
      },
      "SkiaSharp.NativeAssets.macOS": {
        "type": "Transitive",
        "resolved": "2.88.9",
        "contentHash": "Nv5spmKc4505Ep7oUoJ5vp3KweFpeNqxpyGDWyeEPTX2uR6S6syXIm3gj75dM0YJz7NPvcix48mR5laqs8dPuA=="
      },
      "SkiaSharp.NativeAssets.Win32": {
        "type": "Transitive",
        "resolved": "2.88.9",
        "contentHash": "wb2kYgU7iy84nQLYZwMeJXixvK++GoIuECjU4ECaUKNuflyRlJKyiRhN1MAHswvlvzuvkrjRWlK0Za6+kYQK7w=="
      }
    },
    "net10.0/osx-x64": {
      "HarfBuzzSharp.NativeAssets.Linux": {
        "type": "Direct",
        "requested": "[8.3.1.1, )",
        "resolved": "8.3.1.1",
        "contentHash": "3EZ1mpIiKWRLL5hUYA82ZHteeDIVaEA/Z0rA/wU6tjx6crcAkJnBPwDXZugBSfo8+J3EznvRJf49uMsqYfKrHg=="
      },
      "SkiaSharp.NativeAssets.Linux": {
        "type": "Direct",
        "requested": "[2.88.9, )",
        "resolved": "2.88.9",
        "contentHash": "cWSaJKVPWAaT/WIn9c8T5uT/l4ETwHxNJTkEOtNKjphNo8AW6TF9O32aRkxqw3l8GUdUo66Bu7EiqtFh/XG0Zg==",
        "dependencies": {
          "SkiaSharp": "2.88.9"
        }
      },
      "HarfBuzzSharp.NativeAssets.macOS": {
        "type": "Transitive",
        "resolved": "8.3.1.1",
        "contentHash": "jbtCsgftcaFLCA13tVKo5iWdElJScrulLTKJre36O4YQTIlwDtPPqhRZNk+Y0vv4D1gxbscasGRucUDfS44ofQ=="
      },
      "HarfBuzzSharp.NativeAssets.Win32": {
        "type": "Transitive",
        "resolved": "8.3.1.1",
        "contentHash": "UsJtQsfAJoFDZrXc4hCUfRPMqccfKZ0iumJ/upcUjz/cmsTgVFGNEL5yaJWmkqsuFYdMWbj/En5/kS4PFl9hBA=="
      },
      "SkiaSharp.NativeAssets.macOS": {
        "type": "Transitive",
        "resolved": "2.88.9",
        "contentHash": "Nv5spmKc4505Ep7oUoJ5vp3KweFpeNqxpyGDWyeEPTX2uR6S6syXIm3gj75dM0YJz7NPvcix48mR5laqs8dPuA=="
      },
      "SkiaSharp.NativeAssets.Win32": {
        "type": "Transitive",
        "resolved": "2.88.9",
        "contentHash": "wb2kYgU7iy84nQLYZwMeJXixvK++GoIuECjU4ECaUKNuflyRlJKyiRhN1MAHswvlvzuvkrjRWlK0Za6+kYQK7w=="
      }
    },
    "net10.0/win-x64": {
      "HarfBuzzSharp.NativeAssets.Linux": {
        "type": "Direct",
        "requested": "[8.3.1.1, )",
        "resolved": "8.3.1.1",
        "contentHash": "3EZ1mpIiKWRLL5hUYA82ZHteeDIVaEA/Z0rA/wU6tjx6crcAkJnBPwDXZugBSfo8+J3EznvRJf49uMsqYfKrHg=="
      },
      "SkiaSharp.NativeAssets.Linux": {
        "type": "Direct",
        "requested": "[2.88.9, )",
        "resolved": "2.88.9",
        "contentHash": "cWSaJKVPWAaT/WIn9c8T5uT/l4ETwHxNJTkEOtNKjphNo8AW6TF9O32aRkxqw3l8GUdUo66Bu7EiqtFh/XG0Zg==",
        "dependencies": {
          "SkiaSharp": "2.88.9"
        }
      },
      "HarfBuzzSharp.NativeAssets.macOS": {
        "type": "Transitive",
        "resolved": "8.3.1.1",
        "contentHash": "jbtCsgftcaFLCA13tVKo5iWdElJScrulLTKJre36O4YQTIlwDtPPqhRZNk+Y0vv4D1gxbscasGRucUDfS44ofQ=="
      },
      "HarfBuzzSharp.NativeAssets.Win32": {
        "type": "Transitive",
        "resolved": "8.3.1.1",
        "contentHash": "UsJtQsfAJoFDZrXc4hCUfRPMqccfKZ0iumJ/upcUjz/cmsTgVFGNEL5yaJWmkqsuFYdMWbj/En5/kS4PFl9hBA=="
      },
      "SkiaSharp.NativeAssets.macOS": {
        "type": "Transitive",
        "resolved": "2.88.9",
        "contentHash": "Nv5spmKc4505Ep7oUoJ5vp3KweFpeNqxpyGDWyeEPTX2uR6S6syXIm3gj75dM0YJz7NPvcix48mR5laqs8dPuA=="
      },
      "SkiaSharp.NativeAssets.Win32": {
        "type": "Transitive",
        "resolved": "2.88.9",
        "contentHash": "wb2kYgU7iy84nQLYZwMeJXixvK++GoIuECjU4ECaUKNuflyRlJKyiRhN1MAHswvlvzuvkrjRWlK0Za6+kYQK7w=="
      }
    }
  }
}