{
  "version": 1,
  "dependencies": {
    "net10.0": {
      "Avalonia.Headless.NUnit": {
        "type": "Direct",
        "requested": "[11.3.21, )",
        "resolved": "11.3.21",
        "contentHash": "83zw2I3haj9xipaWgKjrTn+JSKkUyRFQr017KZPitcJBi+f986qmIVeTS+FkdXsq7lhmB2sArq9rG7YwjlkyOw==",
        "dependencies": {
          "Avalonia.Headless": "11.3.21",
          "NUnit": "3.13.0"
        }
      },
      "Microsoft.NET.Test.Sdk": {
        "type": "Direct",
        "requested": "[17.14.0, )",
        "resolved": "17.14.0",
        "contentHash": "rTtdOm6C96q9QgP3mS8nUGPGPh5Xm2HnBYJggNmNrJ3LDmX9lJuUIgnJEfvX6wSQY4swUMiCcIXd3OkjhYCgtw==",
        "dependencies": {
          "Microsoft.CodeCoverage": "17.14.0",
          "Microsoft.TestPlatform.TestHost": "17.14.0"
        }
      },
      "NUnit": {
        "type": "Direct",
        "requested": "[4.3.2, )",
        "resolved": "4.3.2",
        "contentHash": "puVXayXNmEu7MFQSUswGmUjOy3M3baprMbkLl5PAutpeDoGTr+jPv33qAYsqxywi2wJCq8l/O3EhHoLulPE1iQ=="
      },
      "NUnit3TestAdapter": {
        "type": "Direct",
        "requested": "[5.0.0, )",
        "resolved": "5.0.0",
        "contentHash": "sy4cLoUAdE6TDM4wNX5gmNCyhMev5wUz4cA6ZRf/aON9vf9t4xTVGLj/4huhDKcS4dFfmVVcgcP70yC7WC9kKg==",
        "dependencies": {
          "Microsoft.Testing.Extensions.VSTestBridge": "1.5.3",
          "Microsoft.Testing.Platform.MSBuild": "1.5.3"
        }
      },
      "Avalonia": {
        "type": "Transitive",
        "resolved": "11.3.21",
        "contentHash": "gc9uxcS1s6JFuswmcTE0h6dWfi1d9ybPvA+tkSZNH1AxR0zKoqzAn7ihwGEvSBfZBCBx9v4+MVQK2BQynM7i4g==",
        "dependencies": {
          "Avalonia.BuildServices": "11.3.2",
          "Avalonia.Remote.Protocol": "11.3.21",
          "MicroCom.Runtime": "0.11.0"
        }
      },
      "Avalonia.Angle.Windows.Natives": {
        "type": "Transitive",
        "resolved": "2.1.25547.20250602",
        "contentHash": "ZL0VLc4s9rvNNFt19Pxm5UNAkmKNylugAwJPX9ulXZ6JWs/l6XZihPWWTyezaoNOVyEPU8YbURtW7XMAtqXH5A=="
      },
      "Avalonia.BuildServices": {
        "type": "Transitive",
        "resolved": "11.3.2",
        "contentHash": "qHDToxto1e3hci5YqbG9n0Ty8mlp3zBUN5wT66wKqaDVzXyQ0do3EnRILd4Ke9jpvsktaPpgE0YjEk7hornryQ=="
      },
      "Avalonia.Controls.ColorPicker": {
        "type": "Transitive",
        "resolved": "11.3.21",
        "contentHash": "OvgYnghrhfiq9OSr0yLwAfU2vnG06AzFJlEOxeCjiylaJJ3RbnLPXSWPjVjboubqhIR8kJkw/KqP/xi6y8ZDyQ==",
        "dependencies": {
          "Avalonia": "11.3.21",
          "Avalonia.Remote.Protocol": "11.3.21"
        }
      },
      "Avalonia.Desktop": {
        "type": "Transitive",
        "resolved": "11.3.21",
        "contentHash": "N+Iakz7zx9fLdQ+QeDgNFvFwov9QDQQTnSHPFrzMnuK8RRUJqqIPBad7njACfiqygCoOv5aMeXO6GI0m67vpOg==",
        "dependencies": {
          "Avalonia": "11.3.21",
          "Avalonia.Native": "11.3.21",
          "Avalonia.Skia": "11.3.21",
          "Avalonia.Win32": "11.3.21",
          "Avalonia.X11": "11.3.21"
        }
      },
      "Avalonia.FreeDesktop": {
        "type": "Transitive",
        "resolved": "11.3.21",
        "contentHash": "750BJKIq4I7kpp7RgjDQxkUi/J230bqXBnVBvwQ/qLqPUwOxdIacYwIQ9MWKNLbVl/C7zQ5xMVgWy8Rh+IDl+g==",
        "dependencies": {
          "Avalonia": "11.3.21",
          "Tmds.DBus.Protocol": "0.21.3"
        }
      },
      "Avalonia.Headless": {
        "type": "Transitive",
        "resolved": "11.3.21",
        "contentHash": "oV1MQQpuLFocJekZadjn13cGrvfCGrIqSTrlN/8/aM+O90G4E09IfJHwyLMIKRPsPWDht70/IVMRenuhI9RGbw==",
        "dependencies": {
          "Avalonia": "11.3.21"
        }
      },
      "Avalonia.Native": {
        "type": "Transitive",
        "resolved": "11.3.21",
        "contentHash": "9HfNj44ii5kOMao0Hd+Cy5U6wThwPpRQLlUap5lcC6Yej8RCl/YwW2evpGQP2vR/BTXNFZ+uAuWUZU86yxklyw==",
        "dependencies": {
          "Avalonia": "11.3.21"
        }
      },
      "Avalonia.Remote.Protocol": {
        "type": "Transitive",
        "resolved": "11.3.21",
        "contentHash": "E1HAj6V/65h0EjBfBs4ghomr9b9aQEGmne6mWJq4XXu6bvEowGlyzsdYU817t9TvFxahy+z0Gn0mWFUvzgznOA=="
      },
      "Avalonia.Skia": {
        "type": "Transitive",
        "resolved": "11.3.21",
        "contentHash": "uaFfDYIdV+oyz31pWeOkxcLqonEqWjoYJwa/3YZX6fsgz8iNiZciiDjBsEWfNmnewK6Chn5+nEjBjyAAqeHQOQ==",
        "dependencies": {
          "Avalonia": "11.3.21",
          "HarfBuzzSharp": "8.3.1.1",
          "HarfBuzzSharp.NativeAssets.Linux": "8.3.1.1",
          "HarfBuzzSharp.NativeAssets.WebAssembly": "8.3.1.1",
          "SkiaSharp": "2.88.9",
          "SkiaSharp.NativeAssets.Linux": "2.88.9",
          "SkiaSharp.NativeAssets.WebAssembly": "2.88.9"
        }
      },
      "Avalonia.Themes.Fluent": {
        "type": "Transitive",
        "resolved": "11.3.21",
        "contentHash": "SlIvRHwxEpkq5gm/MWEymQcCrJeg1rJy3mMNXA0q8xaenQCYJgNJLtJ/m+yMBE7EcIT8mGdUDW5Yr9Oow0ISfg==",
        "dependencies": {
          "Avalonia": "11.3.21"
        }
      },
      "Avalonia.Win32": {
        "type": "Transitive",
        "resolved": "11.3.21",
        "contentHash": "Suh3LSNn8MPT2JCppnMfViHcMY/PjlfPDtNBljqm7+0xepid5nPtqzdW9ji2WD0U9rbjNnBUCNBm6o73rGjXaQ==",
        "dependencies": {
          "Avalonia": "11.3.21",
          "Avalonia.Angle.Windows.Natives": "2.1.25547.20250602"
        }
      },
      "Avalonia.X11": {
        "type": "Transitive",
        "resolved": "11.3.21",
        "contentHash": "ADUVWCalnipytz/F1Z7FpRv2klkQNId093xNV4mVQJz05/8zqAjifd62Ouli+dpRPG79pLGUdQXalus6MPdqlA==",
        "dependencies": {
          "Avalonia": "11.3.21",
          "Avalonia.FreeDesktop": "11.3.21",
          "Avalonia.Skia": "11.3.21"
        }
      },
      "HarfBuzzSharp": {
        "type": "Transitive",
        "resolved": "8.3.1.1",
        "contentHash": "tLZN66oe/uiRPTZfrCU4i8ScVGwqHNh5MHrXj0yVf4l7Mz0FhTGnQ71RGySROTmdognAs0JtluHkL41pIabWuQ==",
        "dependencies": {
          "HarfBuzzSharp.NativeAssets.Win32": "8.3.1.1",
          "HarfBuzzSharp.NativeAssets.macOS": "8.3.1.1"
        }
      },
      "HarfBuzzSharp.NativeAssets.Linux": {
        "type": "Transitive",
        "resolved": "8.3.1.1",
        "contentHash": "3EZ1mpIiKWRLL5hUYA82ZHteeDIVaEA/Z0rA/wU6tjx6crcAkJnBPwDXZugBSfo8+J3EznvRJf49uMsqYfKrHg=="
      },
      "HarfBuzzSharp.NativeAssets.macOS": {
        "type": "Transitive",
        "resolved": "8.3.1.1",
        "contentHash": "jbtCsgftcaFLCA13tVKo5iWdElJScrulLTKJre36O4YQTIlwDtPPqhRZNk+Y0vv4D1gxbscasGRucUDfS44ofQ=="
      },
      "HarfBuzzSharp.NativeAssets.WebAssembly": {
        "type": "Transitive",
        "resolved": "8.3.1.1",
        "contentHash": "loJweK2u/mH/3C2zBa0ggJlITIszOkK64HLAZB7FUT670dTg965whLFYHDQo69NmC4+d9UN0icLC9VHidXaVCA=="
      },
      "HarfBuzzSharp.NativeAssets.Win32": {
        "type": "Transitive",
        "resolved": "8.3.1.1",
        "contentHash": "UsJtQsfAJoFDZrXc4hCUfRPMqccfKZ0iumJ/upcUjz/cmsTgVFGNEL5yaJWmkqsuFYdMWbj/En5/kS4PFl9hBA=="
      },
      "MacroDeck.Localization": {
        "type": "Transitive",
        "resolved": "3.0.0-beta.14",
        "contentHash": "mWPEzK3ZXZqZMfS3t+tchLOFVJ5h75A1B03GHTvVJjCUf9+yQTgVqEV5jJ/qkUQo8hIEQQxC07o4R6J6YdEzhQ=="
      },
      "MacroDeck.Ui": {
        "type": "Transitive",
        "resolved": "3.0.0-beta.14",
        "contentHash": "Lm194XF+OHR+Y2VqKCdlh8MtTkj26cZHm/9dwafOtKpxQe4E4ZBJkxSr3TWV5VY5P/MPqaTlxczEAu6zY78N5g==",
        "dependencies": {
          "MacroDeck.Localization": "3.0.0-beta.14",
          "MacroDeck.Ui.Model": "3.0.0-beta.14"
        }
      },
      "MacroDeck.Ui.Model": {
        "type": "Transitive",
        "resolved": "3.0.0-beta.14",
        "contentHash": "hvlZc9sqOUotvwsaWGUSU2BoQ4Q+wlJeyZ2ns1ksmgTCyneeEIBJRO634wqdCYuwxDvMm+MhB+zweOAXzaYJAA=="
      },
      "MicroCom.Runtime": {
        "type": "Transitive",
        "resolved": "0.11.0",
        "contentHash": "MEnrZ3UIiH40hjzMDsxrTyi8dtqB5ziv3iBeeU4bXsL/7NLSal9F1lZKpK+tfBRnUoDSdtcW3KufE4yhATOMCA=="
      },
      "Microsoft.ApplicationInsights": {
        "type": "Transitive",
        "resolved": "2.22.0",
        "contentHash": "3AOM9bZtku7RQwHyMEY3tQMrHIgjcfRDa6YQpd/QG2LDGvMydSlL9Di+8LLMt7J2RDdfJ7/2jdYv6yHcMJAnNw=="
      },
      "Microsoft.CodeCoverage": {
        "type": "Transitive",
        "resolved": "17.14.0",
        "contentHash": "z2GYXGG6LjGoumT59xSB2dMnqSwQBjkxdDJmSJHwy5nPtZ435GXa6wj5hz/lRrAZ7NyXXxZNXVsiHXzHRru5eA=="
      },
      "Microsoft.Testing.Extensions.Telemetry": {
        "type": "Transitive",
        "resolved": "1.5.3",
        "contentHash": "U9pGd5DQuX1PfkrdFI+xH34JGgQ2nes5QAwIITTk+MQfLvRITqsZjJeHTjpGWh33D/0q1l7aA8/LQHR7UuCgLQ==",
        "dependencies": {
          "Microsoft.ApplicationInsights": "2.22.0",
          "Microsoft.Testing.Platform": "1.5.3"
        }
      },
      "Microsoft.Testing.Extensions.TrxReport.Abstractions": {
        "type": "Transitive",
        "resolved": "1.5.3",
        "contentHash": "h34zKNpGyni66VH738mRHeXSnf3klSShUdavUWNhSfWICUUi5aXeI0LBvoX/ad93N0+9xBDU3Fyi6WfxrwKQGw==",
        "dependencies": {
          "Microsoft.Testing.Platform": "1.5.3"
        }
      },
      "Microsoft.Testing.Extensions.VSTestBridge": {
        "type": "Transitive",
        "resolved": "1.5.3",
        "contentHash": "cJD67YfDT98wEWyazKVD/yPVW6+H1usXeuselCnRes7JZBTIYWtrCchcOzOahnmajT79eDKqt9sta7DXwTDU4Q==",
        "dependencies": {
          "Microsoft.ApplicationInsights": "2.22.0",
          "Microsoft.TestPlatform.ObjectModel": "17.12.0",
          "Microsoft.Testing.Extensions.Telemetry": "1.5.3",
          "Microsoft.Testing.Extensions.TrxReport.Abstractions": "1.5.3",
          "Microsoft.Testing.Platform": "1.5.3"
        }
      },
      "Microsoft.Testing.Platform": {
        "type": "Transitive",
        "resolved": "1.5.3",
        "contentHash": "WqJydnJ99dEKtquR9HwINz104ehWJKTXbQQrydGatlLRw14bmsx0pa8+E6KUXMYXZAimN0swWlDmcJGjjW4TIg=="
      },
      "Microsoft.Testing.Platform.MSBuild": {
        "type": "Transitive",
        "resolved": "1.5.3",
        "contentHash": "bOtpRMSPeT5YLQo+NNY8EtdNTphAUcmALjW4ABU7P0rb6yR2XAZau3TzNieLmR3lRuwudguWzzBhgcLRXwZh0A==",
        "dependencies": {
          "Microsoft.Testing.Platform": "1.5.3"
        }
      },
      "Microsoft.TestPlatform.ObjectModel": {
        "type": "Transitive",
        "resolved": "17.14.0",
        "contentHash": "3h7y7f/HuY8jdZa163p/55VmGw/fYJwrI8FOtsp4aEQAJaPgBr5LBS25uOfBwRYI95QDiByfaqSPBcWEvuHEwA=="
      },
      "Microsoft.TestPlatform.TestHost": {
        "type": "Transitive",
        "resolved": "17.14.0",
        "contentHash": "8htQBKM92s/NXUI/U0/CKKLlvlDfWIo3/mbnY/GS/2XLkBGNIVQufmUpDIzznaZqUpdzspGSsJcLhVN8aRoMaA==",
        "dependencies": {
          "Microsoft.TestPlatform.ObjectModel": "17.14.0",
          "Newtonsoft.Json": "13.0.3"
        }
      },
      "Newtonsoft.Json": {
        "type": "Transitive",
        "resolved": "13.0.3",
        "contentHash": "HrC5BXdl00IP9zeV+0Z848QWPAoCr9P3bDEZguI+gkLcBKAOxix/tLEAAHC+UvDNPv4a2d18lOReHMOagPa+zQ=="
      },
      "SkiaSharp": {
        "type": "Transitive",
        "resolved": "2.88.9",
        "contentHash": "3MD5VHjXXieSHCleRLuaTXmL2pD0mB7CcOB1x2kA1I4bhptf4e3R27iM93264ZYuAq6mkUyX5XbcxnZvMJYc1Q==",
        "dependencies": {
          "SkiaSharp.NativeAssets.Win32": "2.88.9",
          "SkiaSharp.NativeAssets.macOS": "2.88.9"
        }
      },
      "SkiaSharp.NativeAssets.Linux": {
        "type": "Transitive",
        "resolved": "2.88.9",
        "contentHash": "cWSaJKVPWAaT/WIn9c8T5uT/l4ETwHxNJTkEOtNKjphNo8AW6TF9O32aRkxqw3l8GUdUo66Bu7EiqtFh/XG0Zg==",
        "dependencies": {
          "SkiaSharp": "2.88.9"
        }
      },
      "SkiaSharp.NativeAssets.macOS": {
        "type": "Transitive",
        "resolved": "2.88.9",
        "contentHash": "Nv5spmKc4505Ep7oUoJ5vp3KweFpeNqxpyGDWyeEPTX2uR6S6syXIm3gj75dM0YJz7NPvcix48mR5laqs8dPuA=="
      },
      "SkiaSharp.NativeAssets.WebAssembly": {
        "type": "Transitive",
        "resolved": "2.88.9",
        "contentHash": "kt06RccBHSnAs2wDYdBSfsjIDbY3EpsOVqnlDgKdgvyuRA8ZFDaHRdWNx1VHjGgYzmnFCGiTJBnXFl5BqGwGnA=="
      },
      "SkiaSharp.NativeAssets.Win32": {
        "type": "Transitive",
        "resolved": "2.88.9",
        "contentHash": "wb2kYgU7iy84nQLYZwMeJXixvK++GoIuECjU4ECaUKNuflyRlJKyiRhN1MAHswvlvzuvkrjRWlK0Za6+kYQK7w=="
      },
      "Tmds.DBus.Protocol": {
        "type": "Transitive",
        "resolved": "0.21.3",
        "contentHash": "hDwB8WsQoyALQKqIbwzS68UKdlnafDm4T/DkO/JrA/YIneP/rKv96SxYPVXeh3FP4i/SXfShrYftKLtciJAIlw=="
      },
      "ziopuzzle.custombutton.editor": {
        "type": "Project",
        "dependencies": {
          "Avalonia.Controls.ColorPicker": "[11.3.21, )",
          "Avalonia.Desktop": "[11.3.21, )",
          "Avalonia.Themes.Fluent": "[11.3.21, )",
          "MacroDeck.Ui": "[3.0.0-beta.14, )"
        }
      }
    }
  }
}